
Microsoft Visual Studio Solution File, Format Version 12.00
# Visual Studio 15
VisualStudioVersion = 15.0.28010.2026
MinimumVisualStudioVersion = 10.0.40219.1
Project("{FAE04EC0-301F-11D3-BF4B-00C04F79EFBC}") = "ProyectoDiseñoAplicaciones", "ProyectoDiseñoAplicaciones\ProyectoDiseñoAplicaciones.csproj", "{5DF30818-7D14-4A36-87F1-7801CB267DB0}"
EndProject
Project("{FAE04EC0-301F-11D3-BF4B-00C04F79EFBC}") = "WebPage", "WebPage\WebPage.csproj", "{FDD66025-D408-4493-9AD2-CEB8F00F5BD4}"
	ProjectSection(ProjectDependencies) = postProject
		{5DF30818-7D14-4A36-87F1-7801CB267DB0} = {5DF30818-7D14-4A36-87F1-7801CB267DB0}
	EndProjectSection
EndProject
Global
	GlobalSection(SolutionConfigurationPlatforms) = preSolution
		Debug|Any CPU = Debug|Any CPU
		Release|Any CPU = Release|Any CPU
	EndGlobalSection
	GlobalSection(ProjectConfigurationPlatforms) = postSolution
		{5DF30818-7D14-4A36-87F1-7801CB267DB0}.Debug|Any CPU.ActiveCfg = Debug|Any CPU
		{5DF30818-7D14-4A36-87F1-7801CB267DB0}.Debug|Any CPU.Build.0 = Debug|Any CPU
		{5DF30818-7D14-4A36-87F1-7801CB267DB0}.Release|Any CPU.ActiveCfg = Release|Any CPU
		{5DF30818-7D14-4A36-87F1-7801CB267DB0}.Release|Any CPU.Build.0 = Release|Any CPU
		{FDD66025-D408-4493-9AD2-CEB8F00F5BD4}.Debug|Any CPU.ActiveCfg = Debug|Any CPU
		{FDD66025-D408-4493-9AD2-CEB8F00F5BD4}.Debug|Any CPU.Build.0 = Debug|Any CPU
		{FDD66025-D408-4493-9AD2-CEB8F00F5BD4}.Release|Any CPU.ActiveCfg = Release|Any CPU
		{FDD66025-D408-4493-9AD2-CEB8F00F5BD4}.Release|Any CPU.Build.0 = Release|Any CPU
	EndGlobalSection
	GlobalSection(SolutionProperties) = preSolution
		HideSolutionNode = FALSE
	EndGlobalSection
	GlobalSection(ExtensibilityGlobals) = postSolution
		SolutionGuid = {22F65268-297F-4B85-AF54-967D1A2C9F0D}
	EndGlobalSection
EndGlobal
